
Microsoft Visual Studio Solution File, Format Version 12.00
# Visual Studio Version 16
VisualStudioVersion = 16.0.30114.105
MinimumVisualStudioVersion = 10.0.40219.1
Project("{FAE04EC0-301F-11D3-BF4B-00C04F79EFBC}") = "Ex310", "Ex310\Ex310.csproj", "{3B11DFD0-0D3A-4902-A520-E4D5D3DF6379}"
EndProject
Project("{FAE04EC0-301F-11D3-BF4B-00C04F79EFBC}") = "Ex311_Swap", "Ex311\Ex311_Swap.csproj", "{1DF4E266-53EC-484D-90C2-E831F4A2165D}"
EndProject
Project("{FAE04EC0-301F-11D3-BF4B-00C04F79EFBC}") = "Ex312_SwapT", "Ex312\Ex312_SwapT.csproj", "{EFB47DF9-B87F-4F8A-A22E-7D1432FCF82A}"
EndProject
Project("{FAE04EC0-301F-11D3-BF4B-00C04F79EFBC}") = "Ex313_MyList", "Ex313\Ex313_MyList.csproj", "{83B85E96-EA56-41B1-A18E-1BA2A61A8A0B}"
EndProject
Project("{FAE04EC0-301F-11D3-BF4B-00C04F79EFBC}") = "Ex314_IoT", "Ex314\Ex314_IoT.csproj", "{A1D5CF36-6FCA-44D9-9A94-E9DF7F0380C1}"
EndProject
Project("{FAE04EC0-301F-11D3-BF4B-00C04F79EFBC}") = "Ex315_Vk", "Ex315\Ex315_Vk.csproj", "{872EA84A-A83A-4221-8D86-FFDB9DF38EE5}"
EndProject
Project("{FAE04EC0-301F-11D3-BF4B-00C04F79EFBC}") = "Ex316_ActionFunc", "Ex316\Ex316_ActionFunc.csproj", "{02D78C4A-0016-4F02-858C-84212609A1B5}"
EndProject
Project("{FAE04EC0-301F-11D3-BF4B-00C04F79EFBC}") = "Ex318", "Ex318\Ex318.csproj", "{1E3CF657-D684-49E8-B645-4DF4632B888B}"
EndProject
Project("{FAE04EC0-301F-11D3-BF4B-00C04F79EFBC}") = "Ex317_WindowsFormsApp", "Ex317_WindowsFormsApp\Ex317_WindowsFormsApp.csproj", "{025669CC-D041-4870-8DDF-7941120CBAA3}"
EndProject
Project("{FAE04EC0-301F-11D3-BF4B-00C04F79EFBC}") = "Ex3141_SumNumber", "Ex3141\Ex3141_SumNumber.csproj", "{BDE1A8DA-2080-41D3-BDC0-447606F361A9}"
EndProject
Project("{FAE04EC0-301F-11D3-BF4B-00C04F79EFBC}") = "Ex3151", "Ex3151\Ex3151.csproj", "{C83F5E22-80A9-4D3C-8315-6C45E94F7830}"
EndProject
Global
	GlobalSection(SolutionConfigurationPlatforms) = preSolution
		Debug|Any CPU = Debug|Any CPU
		Release|Any CPU = Release|Any CPU
	EndGlobalSection
	GlobalSection(ProjectConfigurationPlatforms) = postSolution
		{3B11DFD0-0D3A-4902-A520-E4D5D3DF6379}.Debug|Any CPU.ActiveCfg = Debug|Any CPU
		{3B11DFD0-0D3A-4902-A520-E4D5D3DF6379}.Debug|Any CPU.Build.0 = Debug|Any CPU
		{3B11DFD0-0D3A-4902-A520-E4D5D3DF6379}.Release|Any CPU.ActiveCfg = Release|Any CPU
		{3B11DFD0-0D3A-4902-A520-E4D5D3DF6379}.Release|Any CPU.Build.0 = Release|Any CPU
		{1DF4E266-53EC-484D-90C2-E831F4A2165D}.Debug|Any CPU.ActiveCfg = Debug|Any CPU
		{1DF4E266-53EC-484D-90C2-E831F4A2165D}.Debug|Any CPU.Build.0 = Debug|Any CPU
		{1DF4E266-53EC-484D-90C2-E831F4A2165D}.Release|Any CPU.ActiveCfg = Release|Any CPU
		{1DF4E266-53EC-484D-90C2-E831F4A2165D}.Release|Any CPU.Build.0 = Release|Any CPU
		{EFB47DF9-B87F-4F8A-A22E-7D1432FCF82A}.Debug|Any CPU.ActiveCfg = Debug|Any CPU
		{EFB47DF9-B87F-4F8A-A22E-7D1432FCF82A}.Debug|Any CPU.Build.0 = Debug|Any CPU
		{EFB47DF9-B87F-4F8A-A22E-7D1432FCF82A}.Release|Any CPU.ActiveCfg = Release|Any CPU
		{EFB47DF9-B87F-4F8A-A22E-7D1432FCF82A}.Release|Any CPU.Build.0 = Release|Any CPU
		{83B85E96-EA56-41B1-A18E-1BA2A61A8A0B}.Debug|Any CPU.ActiveCfg = Debug|Any CPU
		{83B85E96-EA56-41B1-A18E-1BA2A61A8A0B}.Debug|Any CPU.Build.0 = Debug|Any CPU
		{83B85E96-EA56-41B1-A18E-1BA2A61A8A0B}.Release|Any CPU.ActiveCfg = Release|Any CPU
		{83B85E96-EA56-41B1-A18E-1BA2A61A8A0B}.Release|Any CPU.Build.0 = Release|Any CPU
		{A1D5CF36-6FCA-44D9-9A94-E9DF7F0380C1}.Debug|Any CPU.ActiveCfg = Debug|Any CPU
		{A1D5CF36-6FCA-44D9-9A94-E9DF7F0380C1}.Debug|Any CPU.Build.0 = Debug|Any CPU
		{A1D5CF36-6FCA-44D9-9A94-E9DF7F0380C1}.Release|Any CPU.ActiveCfg = Release|Any CPU
		{A1D5CF36-6FCA-44D9-9A94-E9DF7F0380C1}.Release|Any CPU.Build.0 = Release|Any CPU
		{872EA84A-A83A-4221-8D86-FFDB9DF38EE5}.Debug|Any CPU.ActiveCfg = Debug|Any CPU
		{872EA84A-A83A-4221-8D86-FFDB9DF38EE5}.Debug|Any CPU.Build.0 = Debug|Any CPU
		{872EA84A-A83A-4221-8D86-FFDB9DF38EE5}.Release|Any CPU.ActiveCfg = Release|Any CPU
		{872EA84A-A83A-4221-8D86-FFDB9DF38EE5}.Release|Any CPU.Build.0 = Release|Any CPU
		{02D78C4A-0016-4F02-858C-84212609A1B5}.Debug|Any CPU.ActiveCfg = Debug|Any CPU
		{02D78C4A-0016-4F02-858C-84212609A1B5}.Debug|Any CPU.Build.0 = Debug|Any CPU
		{02D78C4A-0016-4F02-858C-84212609A1B5}.Release|Any CPU.ActiveCfg = Release|Any CPU
		{02D78C4A-0016-4F02-858C-84212609A1B5}.Release|Any CPU.Build.0 = Release|Any CPU
		{1E3CF657-D684-49E8-B645-4DF4632B888B}.Debug|Any CPU.ActiveCfg = Debug|Any CPU
		{1E3CF657-D684-49E8-B645-4DF4632B888B}.Debug|Any CPU.Build.0 = Debug|Any CPU
		{1E3CF657-D684-49E8-B645-4DF4632B888B}.Release|Any CPU.ActiveCfg = Release|Any CPU
		{1E3CF657-D684-49E8-B645-4DF4632B888B}.Release|Any CPU.Build.0 = Release|Any CPU
		{025669CC-D041-4870-8DDF-7941120CBAA3}.Debug|Any CPU.ActiveCfg = Debug|Any CPU
		{025669CC-D041-4870-8DDF-7941120CBAA3}.Debug|Any CPU.Build.0 = Debug|Any CPU
		{025669CC-D041-4870-8DDF-7941120CBAA3}.Release|Any CPU.ActiveCfg = Release|Any CPU
		{025669CC-D041-4870-8DDF-7941120CBAA3}.Release|Any CPU.Build.0 = Release|Any CPU
		{BDE1A8DA-2080-41D3-BDC0-447606F361A9}.Debug|Any CPU.ActiveCfg = Debug|Any CPU
		{BDE1A8DA-2080-41D3-BDC0-447606F361A9}.Debug|Any CPU.Build.0 = Debug|Any CPU
		{BDE1A8DA-2080-41D3-BDC0-447606F361A9}.Release|Any CPU.ActiveCfg = Release|Any CPU
		{BDE1A8DA-2080-41D3-BDC0-447606F361A9}.Release|Any CPU.Build.0 = Release|Any CPU
		{C83F5E22-80A9-4D3C-8315-6C45E94F7830}.Debug|Any CPU.ActiveCfg = Debug|Any CPU
		{C83F5E22-80A9-4D3C-8315-6C45E94F7830}.Debug|Any CPU.Build.0 = Debug|Any CPU
		{C83F5E22-80A9-4D3C-8315-6C45E94F7830}.Release|Any CPU.ActiveCfg = Release|Any CPU
		{C83F5E22-80A9-4D3C-8315-6C45E94F7830}.Release|Any CPU.Build.0 = Release|Any CPU
	EndGlobalSection
	GlobalSection(SolutionProperties) = preSolution
		HideSolutionNode = FALSE
	EndGlobalSection
	GlobalSection(ExtensibilityGlobals) = postSolution
		SolutionGuid = {5F813AF6-FB44-42C4-97FF-19B743FF7A54}
	EndGlobalSection
EndGlobal
