
Microsoft Visual Studio Solution File, Format Version 12.00
# Visual Studio Version 17
VisualStudioVersion = 17.1.32328.378
MinimumVisualStudioVersion = 10.0.40219.1
Project("{2150E333-8FDC-42A3-9474-1A3956D46DE8}") = "Lesson 01", "Lesson 01", "{4D96CB14-165A-4972-B0FE-ACEB4ED5B716}"
	ProjectSection(SolutionItems) = preProject
		Lesson_01\Lesson_01.ReadMe.txt = Lesson_01\Lesson_01.ReadMe.txt
	EndProjectSection
EndProject
Project("{2150E333-8FDC-42A3-9474-1A3956D46DE8}") = "Lesson 02", "Lesson 02", "{7FDBD813-5885-4853-89AE-E3A6D5CED1CB}"
	ProjectSection(SolutionItems) = preProject
		Lesson_02\Lesson_02.ReadMe.txt = Lesson_02\Lesson_02.ReadMe.txt
	EndProjectSection
EndProject
Project("{2150E333-8FDC-42A3-9474-1A3956D46DE8}") = "Lesson 03", "Lesson 03", "{DED4B99C-1D1E-4E22-B304-943ECEA34420}"
	ProjectSection(SolutionItems) = preProject
		Lesson_03\Lesson_03.ReadMe.txt = Lesson_03\Lesson_03.ReadMe.txt
	EndProjectSection
EndProject
Project("{2150E333-8FDC-42A3-9474-1A3956D46DE8}") = "Lesson 05", "Lesson 05", "{3E0BE158-F6BF-4696-A002-D06EE147C78F}"
EndProject
Project("{9A19103F-16F7-4668-BE54-9A1E7A4F7556}") = "MyLibraries", "..\_MyLibraries\MyLibraries.csproj", "{0123DC63-E37D-4096-8523-7DD88D17D63D}"
EndProject
Project("{2150E333-8FDC-42A3-9474-1A3956D46DE8}") = "Lesson 04", "Lesson 04", "{2900B931-C043-4FCE-86BB-18C39FC74B7B}"
EndProject
Project("{2150E333-8FDC-42A3-9474-1A3956D46DE8}") = "HomeWork 01", "HomeWork 01", "{65C4E27F-E901-4D01-BAF2-9737FF8705FD}"
EndProject
Project("{2150E333-8FDC-42A3-9474-1A3956D46DE8}") = "HomeWork 02", "HomeWork 02", "{D2FE361B-B2DB-4240-8D98-0F0EAEF34056}"
EndProject
Project("{2150E333-8FDC-42A3-9474-1A3956D46DE8}") = "HomeWork 03", "HomeWork 03", "{D205B10D-5FA7-40F0-9794-174C2F555A40}"
EndProject
Project("{2150E333-8FDC-42A3-9474-1A3956D46DE8}") = "HomeWork 04", "HomeWork 04", "{D111B060-4929-4BDE-867B-2E0BFB2A4FD9}"
EndProject
Global
	GlobalSection(SolutionConfigurationPlatforms) = preSolution
		Debug|Any CPU = Debug|Any CPU
		Release|Any CPU = Release|Any CPU
	EndGlobalSection
	GlobalSection(ProjectConfigurationPlatforms) = postSolution
		{0123DC63-E37D-4096-8523-7DD88D17D63D}.Debug|Any CPU.ActiveCfg = Debug|Any CPU
		{0123DC63-E37D-4096-8523-7DD88D17D63D}.Debug|Any CPU.Build.0 = Debug|Any CPU
		{0123DC63-E37D-4096-8523-7DD88D17D63D}.Release|Any CPU.ActiveCfg = Release|Any CPU
		{0123DC63-E37D-4096-8523-7DD88D17D63D}.Release|Any CPU.Build.0 = Release|Any CPU
	EndGlobalSection
	GlobalSection(SolutionProperties) = preSolution
		HideSolutionNode = FALSE
	EndGlobalSection
	GlobalSection(ExtensibilityGlobals) = postSolution
		SolutionGuid = {9710C6C1-92D0-4B48-B992-1E1460169F64}
	EndGlobalSection
EndGlobal
